
Microsoft Visual Studio Solution File, Format Version 12.00
# Visual Studio Version 17
VisualStudioVersion = 17.4.33213.308
MinimumVisualStudioVersion = 10.0.40219.1
Project("{FAE04EC0-301F-11D3-BF4B-00C04F79EFBC}") = "20230805_For_Ornek2", "20230805_For_Ornek2\20230805_For_Ornek2.csproj", "{1DB1CBC5-94F1-448A-B6C1-BC5C74D1391A}"
EndProject
Global
	GlobalSection(SolutionConfigurationPlatforms) = preSolution
		Debug|Any CPU = Debug|Any CPU
		Release|Any CPU = Release|Any CPU
	EndGlobalSection
	GlobalSection(ProjectConfigurationPlatforms) = postSolution
		{1DB1CBC5-94F1-448A-B6C1-BC5C74D1391A}.Debug|Any CPU.ActiveCfg = Debug|Any CPU
		{1DB1CBC5-94F1-448A-B6C1-BC5C74D1391A}.Debug|Any CPU.Build.0 = Debug|Any CPU
		{1DB1CBC5-94F1-448A-B6C1-BC5C74D1391A}.Release|Any CPU.ActiveCfg = Release|Any CPU
		{1DB1CBC5-94F1-448A-B6C1-BC5C74D1391A}.Release|Any CPU.Build.0 = Release|Any CPU
	EndGlobalSection
	GlobalSection(SolutionProperties) = preSolution
		HideSolutionNode = FALSE
	EndGlobalSection
	GlobalSection(ExtensibilityGlobals) = postSolution
		SolutionGuid = {C913C834-A09D-4219-9FAA-0B432F83702C}
	EndGlobalSection
EndGlobal
